// !$*UTF8*$!
{
	archiveVersion = 1;
	classes = {
	};
	objectVersion = 48;
	objects = {

/* Begin PBXBuildFile section */
		7FD90D3920167C6600FCBB6A /* AppDelegate.swift in Sources */ = {isa = PBXBuildFile; fileRef = 7FD90D3820167C6600FCBB6A /* AppDelegate.swift */; };
		7FD90D3B20167C6600FCBB6A /* ViewController.swift in Sources */ = {isa = PBXBuildFile; fileRef = 7FD90D3A20167C6600FCBB6A /* ViewController.swift */; };
		7FD90D3E20167C6600FCBB6A /* Main.storyboard in Resources */ = {isa = PBXBuildFile; fileRef = 7FD90D3C20167C6600FCBB6A /* Main.storyboard */; };
		7FD90D4020167C6600FCBB6A /* Assets.xcassets in Resources */ = {isa = PBXBuildFile; fileRef = 7FD90D3F20167C6600FCBB6A /* Assets.xcassets */; };
		7FD90D4320167C6600FCBB6A /* LaunchScreen.storyboard in Resources */ = {isa = PBXBuildFile; fileRef = 7FD90D4120167C6600FCBB6A /* LaunchScreen.storyboard */; };
		7FD90D4E20167C6600FCBB6A /* Hackwich2Tests.swift in Sources */ = {isa = PBXBuildFile; fileRef = 7FD90D4D20167C6600FCBB6A /* Hackwich2Tests.swift */; };
		7FD90D5920167C6600FCBB6A /* Hackwich2UITests.swift in Sources */ = {isa = PBXBuildFile; fileRef = 7FD90D5820167C6600FCBB6A /* Hackwich2UITests.swift */; };
/* End PBXBuildFile section */

/* Begin PBXContainerItemProxy section */
		7FD90D4A20167C6600FCBB6A /* PBXContainerItemProxy */ = {
			isa = PBXContainerItemProxy;
			containerPortal = 7FD90D2D20167C6600FCBB6A /* Project object */;
			proxyType = 1;
			remoteGlobalIDString = 7FD90D3420167C6600FCBB6A;
			remoteInfo = Hackwich2;
		};
		7FD90D5520167C6600FCBB6A /* PBXContainerItemProxy */ = {
			isa = PBXContainerItemProxy;
			containerPortal = 7FD90D2D20167C6600FCBB6A /* Project object */;
			proxyType = 1;
			remoteGlobalIDString = 7FD90D3420167C6600FCBB6A;
			remoteInfo = Hackwich2;
		};
/* End PBXContainerItemProxy section */

/* Begin PBXFileReference section */
		7FD90D3520167C6600FCBB6A /* Hackwich2.app */ = {isa = PBXFileReference; explicitFileType = wrapper.application; includeInIndex = 0; path = Hackwich2.app; sourceTree = BUILT_PRODUCTS_DIR; };
		7FD90D3820167C6600FCBB6A /* AppDelegate.swift */ = {isa = PBXFileReference; lastKnownFileType = sourcecode.swift; path = AppDelegate.swift; sourceTree = "<group>"; };
		7FD90D3A20167C6600FCBB6A /* ViewController.swift */ = {isa = PBXFileReference; lastKnownFileType = sourcecode.swift; path = ViewController.swift; sourceTree = "<group>"; };
		7FD90D3D20167C6600FCBB6A /* Base */ = {isa = PBXFileReference; lastKnownFileType = file.storyboard; name = Base; path = Base.lproj/Main.storyboard; sourceTree = "<group>"; };
		7FD90D3F20167C6600FCBB6A /* Assets.xcassets */ = {isa = PBXFileReference; lastKnownFileType = folder.assetcatalog; path = Assets.xcassets; sourceTree = "<group>"; };
		7FD90D4220167C6600FCBB6A /* Base */ = {isa = PBXFileReference; lastKnownFileType = file.storyboard; name = Base; path = Base.lproj/LaunchScreen.storyboard; sourceTree = "<group>"; };
		7FD90D4420167C6600FCBB6A /* Info.plist */ = {isa = PBXFileReference; lastKnownFileType = text.plist.xml; path = Info.plist; sourceTree = "<group>"; };
		7FD90D4920167C6600FCBB6A /* Hackwich2Tests.xctest */ = {isa = PBXFileReference; explicitFileType = wrapper.cfbundle; includeInIndex = 0; path = Hackwich2Tests.xctest; sourceTree = BUILT_PRODUCTS_DIR; };
		7FD90D4D20167C6600FCBB6A /* Hackwich2Tests.swift */ = {isa = PBXFileReference; lastKnownFileType = sourcecode.swift; path = Hackwich2Tests.swift; sourceTree = "<group>"; };
		7FD90D4F20167C6600FCBB6A /* Info.plist */ = {isa = PBXFileReference; lastKnownFileType = text.plist.xml; path = Info.plist; sourceTree = "<group>"; };
		7FD90D5420167C6600FCBB6A /* Hackwich2UITests.xctest */ = {isa = PBXFileReference; explicitFileType = wrapper.cfbundle; includeInIndex = 0; path = Hackwich2UITests.xctest; sourceTree = BUILT_PRODUCTS_DIR; };
		7FD90D5820167C6600FCBB6A /* Hackwich2UITests.swift */ = {isa = PBXFileReference; lastKnownFileType = sourcecode.swift; path = Hackwich2UITests.swift; sourceTree = "<group>"; };
		7FD90D5A20167C6600FCBB6A /* Info.plist */ = {isa = PBXFileReference; lastKnownFileType = text.plist.xml; path = Info.plist; sourceTree = "<group>"; };
/* End PBXFileReference section */

/* Begin PBXFrameworksBuildPhase section */
		7FD90D3220167C6600FCBB6A /* Frameworks */ = {
			isa = PBXFrameworksBuildPhase;
			buildActionMask = 2147483647;
			files = (
			);
			runOnlyForDeploymentPostprocessing = 0;
		};
		7FD90D4620167C6600FCBB6A /* Frameworks */ = {
			isa = PBXFrameworksBuildPhase;
			buildActionMask = 2147483647;
			files = (
			);
			runOnlyForDeploymentPostprocessing = 0;
		};
		7FD90D5120167C6600FCBB6A /* Frameworks */ = {
			isa = PBXFrameworksBuildPhase;
			buildActionMask = 2147483647;
			files = (
			);
			runOnlyForDeploymentPostprocessing = 0;
		};
/* End PBXFrameworksBuildPhase section */

/* Begin PBXGroup section */
		7FD90D2C20167C6600FCBB6A = {
			isa = PBXGroup;
			children = (
				7FD90D3720167C6600FCBB6A /* Hackwich2 */,
				7FD90D4C20167C6600FCBB6A /* Hackwich2Tests */,
				7FD90D5720167C6600FCBB6A /* Hackwich2UITests */,
				7FD90D3620167C6600FCBB6A /* Products */,
			);
			sourceTree = "<group>";
		};
		7FD90D3620167C6600FCBB6A /* Products */ = {
			isa = PBXGroup;
			children = (
				7FD90D3520167C6600FCBB6A /* Hackwich2.app */,
				7FD90D4920167C6600FCBB6A /* Hackwich2Tests.xctest */,
				7FD90D5420167C6600FCBB6A /* Hackwich2UITests.xctest */,
			);
			name = Products;
			sourceTree = "<group>";
		};
		7FD90D3720167C6600FCBB6A /* Hackwich2 */ = {
			isa = PBXGroup;
			children = (
				7FD90D3820167C6600FCBB6A /* AppDelegate.swift */,
				7FD90D3A20167C6600FCBB6A /* ViewController.swift */,
				7FD90D3C20167C6600FCBB6A /* Main.storyboard */,
				7FD90D3F20167C6600FCBB6A /* Assets.xcassets */,
				7FD90D4120167C6600FCBB6A /* LaunchScreen.storyboard */,
				7FD90D4420167C6600FCBB6A /* Info.plist */,
			);
			path = Hackwich2;
			sourceTree = "<group>";
		};
		7FD90D4C20167C6600FCBB6A /* Hackwich2Tests */ = {
			isa = PBXGroup;
			children = (
				7FD90D4D20167C6600FCBB6A /* Hackwich2Tests.swift */,
				7FD90D4F20167C6600FCBB6A /* Info.plist */,
			);
			path = Hackwich2Tests;
			sourceTree = "<group>";
		};
		7FD90D5720167C6600FCBB6A /* Hackwich2UITests */ = {
			isa = PBXGroup;
			children = (
				7FD90D5820167C6600FCBB6A /* Hackwich2UITests.swift */,
				7FD90D5A20167C6600FCBB6A /* Info.plist */,
			);
			path = Hackwich2UITests;
			sourceTree = "<group>";
		};
/* End PBXGroup section */

/* Begin PBXNativeTarget section */
		7FD90D3420167C6600FCBB6A /* Hackwich2 */ = {
			isa = PBXNativeTarget;
			buildConfigurationList = 7FD90D5D20167C6600FCBB6A /* Build configuration list for PBXNativeTarget "Hackwich2" */;
			buildPhases = (
				7FD90D3120167C6600FCBB6A /* Sources */,
				7FD90D3220167C6600FCBB6A /* Frameworks */,
				7FD90D3320167C6600FCBB6A /* Resources */,
			);
			buildRules = (
			);
			dependencies = (
			);
			name = Hackwich2;
			productName = Hackwich2;
			productReference = 7FD90D3520167C6600FCBB6A /* Hackwich2.app */;
			productType = "com.apple.product-type.application";
		};
		7FD90D4820167C6600FCBB6A /* Hackwich2Tests */ = {
			isa = PBXNativeTarget;
			buildConfigurationList = 7FD90D6020167C6600FCBB6A /* Build configuration list for PBXNativeTarget "Hackwich2Tests" */;
			buildPhases = (
				7FD90D4520167C6600FCBB6A /* Sources */,
				7FD90D4620167C6600FCBB6A /* Frameworks */,
				7FD90D4720167C6600FCBB6A /* Resources */,
			);
			buildRules = (
			);
			dependencies = (
				7FD90D4B20167C6600FCBB6A /* PBXTargetDependency */,
			);
			name = Hackwich2Tests;
			productName = Hackwich2Tests;
			productReference = 7FD90D4920167C6600FCBB6A /* Hackwich2Tests.xctest */;
			productType = "com.apple.product-type.bundle.unit-test";
		};
		7FD90D5320167C6600FCBB6A /* Hackwich2UITests */ = {
			isa = PBXNativeTarget;
			buildConfigurationList = 7FD90D6320167C6600FCBB6A /* Build configuration list for PBXNativeTarget "Hackwich2UITests" */;
			buildPhases = (
				7FD90D5020167C6600FCBB6A /* Sources */,
				7FD90D5120167C6600FCBB6A /* Frameworks */,
				7FD90D5220167C6600FCBB6A /* Resources */,
			);
			buildRules = (
			);
			dependencies = (
				7FD90D5620167C6600FCBB6A /* PBXTargetDependency */,
			);
			name = Hackwich2UITests;
			productName = Hackwich2UITests;
			productReference = 7FD90D5420167C6600FCBB6A /* Hackwich2UITests.xctest */;
			productType = "com.apple.product-type.bundle.ui-testing";
		};
/* End PBXNativeTarget section */

/* Begin PBXProject section */
		7FD90D2D20167C6600FCBB6A /* Project object */ = {
			isa = PBXProject;
			attributes = {
				LastSwiftUpdateCheck = 0920;
				LastUpgradeCheck = 0920;
				ORGANIZATIONNAME = UHWO;
				TargetAttributes = {
					7FD90D3420167C6600FCBB6A = {
						CreatedOnToolsVersion = 9.2;
						ProvisioningStyle = Automatic;
					};
					7FD90D4820167C6600FCBB6A = {
						CreatedOnToolsVersion = 9.2;
						ProvisioningStyle = Automatic;
						TestTargetID = 7FD90D3420167C6600FCBB6A;
					};
					7FD90D5320167C6600FCBB6A = {
						CreatedOnToolsVersion = 9.2;
						ProvisioningStyle = Automatic;
						TestTargetID = 7FD90D3420167C6600FCBB6A;
					};
				};
			};
			buildConfigurationList = 7FD90D3020167C6600FCBB6A /* Build configuration list for PBXProject "Hackwich2" */;
			compatibilityVersion = "Xcode 8.0";
			developmentRegion = en;
			hasScannedForEncodings = 0;
			knownRegions = (
				en,
				Base,
			);
			mainGroup = 7FD90D2C20167C6600FCBB6A;
			productRefGroup = 7FD90D3620167C6600FCBB6A /* Products */;
			projectDirPath = "";
			projectRoot = "";
			targets = (
				7FD90D3420167C6600FCBB6A /* Hackwich2 */,
				7FD90D4820167C6600FCBB6A /* Hackwich2Tests */,
				7FD90D5320167C6600FCBB6A /* Hackwich2UITests */,
			);
		};
/* End PBXProject section */

/* Begin PBXResourcesBuildPhase section */
		7FD90D3320167C6600FCBB6A /* Resources */ = {
			isa = PBXResourcesBuildPhase;
			buildActionMask = 2147483647;
			files = (
				7FD90D4320167C6600FCBB6A /* LaunchScreen.storyboard in Resources */,
				7FD90D4020167C6600FCBB6A /* Assets.xcassets in Resources */,
				7FD90D3E20167C6600FCBB6A /* Main.storyboard in Resources */,
			);
			runOnlyForDeploymentPostprocessing = 0;
		};
		7FD90D4720167C6600FCBB6A /* Resources */ = {
			isa = PBXResourcesBuildPhase;
			buildActionMask = 2147483647;
			files = (
			);
			runOnlyForDeploymentPostprocessing = 0;
		};
		7FD90D5220167C6600FCBB6A /* Resources */ = {
			isa = PBXResourcesBuildPhase;
			buildActionMask = 2147483647;
			files = (
			);
			runOnlyForDeploymentPostprocessing = 0;
		};
/* End PBXResourcesBuildPhase section */

/* Begin PBXSourcesBuildPhase section */
		7FD90D3120167C6600FCBB6A /* Sources */ = {
			isa = PBXSourcesBuildPhase;
			buildActionMask = 2147483647;
			files = (
				7FD90D3B20167C6600FCBB6A /* ViewController.swift in Sources */,
				7FD90D3920167C6600FCBB6A /* AppDelegate.swift in Sources */,
			);
			runOnlyForDeploymentPostprocessing = 0;
		};
		7FD90D4520167C6600FCBB6A /* Sources */ = {
			isa = PBXSourcesBuildPhase;
			buildActionMask = 2147483647;
			files = (
				7FD90D4E20167C6600FCBB6A /* Hackwich2Tests.swift in Sources */,
			);
			runOnlyForDeploymentPostprocessing = 0;
		};
		7FD90D5020167C6600FCBB6A /* Sources */ = {
			isa = PBXSourcesBuildPhase;
			buildActionMask = 2147483647;
			files = (
				7FD90D5920167C6600FCBB6A /* Hackwich2UITests.swift in Sources */,
			);
			runOnlyForDeploymentPostprocessing = 0;
		};
/* End PBXSourcesBuildPhase section */

/* Begin PBXTargetDependency section */
		7FD90D4B20167C6600FCBB6A /* PBXTargetDependency */ = {
			isa = PBXTargetDependency;
			target = 7FD90D3420167C6600FCBB6A /* Hackwich2 */;
			targetProxy = 7FD90D4A20167C6600FCBB6A /* PBXContainerItemProxy */;
		};
		7FD90D5620167C6600FCBB6A /* PBXTargetDependency */ = {
			isa = PBXTargetDependency;
			target = 7FD90D3420167C6600FCBB6A /* Hackwich2 */;
			targetProxy = 7FD90D5520167C6600FCBB6A /* PBXContainerItemProxy */;
		};
/* End PBXTargetDependency section */

/* Begin PBXVariantGroup section */
		7FD90D3C20167C6600FCBB6A /* Main.storyboard */ = {
			isa = PBXVariantGroup;
			children = (
				7FD90D3D20167C6600FCBB6A /* Base */,
			);
			name = Main.storyboard;
			sourceTree = "<group>";
		};
		7FD90D4120167C6600FCBB6A /* LaunchScreen.storyboard */ = {
			isa = PBXVariantGroup;
			children = (
				7FD90D4220167C6600FCBB6A /* Base */,
			);
			name = LaunchScreen.storyboard;
			sourceTree = "<group>";
		};
/* End PBXVariantGroup section */

/* Begin XCBuildConfiguration section */
		7FD90D5B20167C6600FCBB6A /* Debug */ = {
			isa = XCBuildConfiguration;
			buildSettings = {
				ALWAYS_SEARCH_USER_PATHS = NO;
				CLANG_ANALYZER_NONNULL = YES;
				CLANG_ANALYZER_NUMBER_OBJECT_CONVERSION = YES_AGGRESSIVE;
				CLANG_CXX_LANGUAGE_STANDARD = "gnu++14";
				CLANG_CXX_LIBRARY = "libc++";
				CLANG_ENABLE_MODULES = YES;
				CLANG_ENABLE_OBJC_ARC = YES;
				CLANG_WARN_BLOCK_CAPTURE_AUTORELEASING = YES;
				CLANG_WARN_BOOL_CONVERSION = YES;
				CLANG_WARN_COMMA = YES;
				CLANG_WARN_CONSTANT_CONVERSION = YES;
				CLANG_WARN_DIRECT_OBJC_ISA_USAGE = YES_ERROR;
				CLANG_WARN_DOCUMENTATION_COMMENTS = YES;
				CLANG_WARN_EMPTY_BODY = YES;
				CLANG_WARN_ENUM_CONVERSION = YES;
				CLANG_WARN_INFINITE_RECURSION = YES;
				CLANG_WARN_INT_CONVERSION = YES;
				CLANG_WARN_NON_LITERAL_NULL_CONVERSION = YES;
				CLANG_WARN_OBJC_LITERAL_CONVERSION = YES;
				CLANG_WARN_OBJC_ROOT_CLASS = YES_ERROR;
				CLANG_WARN_RANGE_LOOP_ANALYSIS = YES;
				CLANG_WARN_STRICT_PROTOTYPES = YES;
				CLANG_WARN_SUSPICIOUS_MOVE = YES;
				CLANG_WARN_UNGUARDED_AVAILABILITY = YES_AGGRESSIVE;
				CLANG_WARN_UNREACHABLE_CODE = YES;
				CLANG_WARN__DUPLICATE_METHOD_MATCH = YES;
				CODE_SIGN_IDENTITY = "iPhone Developer";
				COPY_PHASE_STRIP = NO;
				DEBUG_INFORMATION_FORMAT = dwarf;
				ENABLE_STRICT_OBJC_MSGSEND = YES;
				ENABLE_TESTABILITY = YES;
				GCC_C_LANGUAGE_STANDARD = gnu11;
				GCC_DYNAMIC_NO_PIC = NO;
				GCC_NO_COMMON_BLOCKS = YES;
				GCC_OPTIMIZATION_LEVEL = 0;
				GCC_PREPROCESSOR_DEFINITIONS = (
					"DEBUG=1",
					"$(inherited)",
				);
				GCC_WARN_64_TO_32_BIT_CONVERSION = YES;
				GCC_WARN_ABOUT_RETURN_TYPE = YES_ERROR;
				GCC_WARN_UNDECLARED_SELECTOR = YES;
				GCC_WARN_UNINITIALIZED_AUTOS = YES_AGGRESSIVE;
				GCC_WARN_UNUSED_FUNCTION = YES;
				GCC_WARN_UNUSED_VARIABLE = YES;
				IPHONEOS_DEPLOYMENT_TARGET = 11.2;
				MTL_ENABLE_DEBUG_INFO = YES;
				ONLY_ACTIVE_ARCH = YES;
				SDKROOT = iphoneos;
				SWIFT_ACTIVE_COMPILATION_CONDITIONS = DEBUG;
				SWIFT_OPTIMIZATION_LEVEL = "-Onone";
			};
			name = Debug;
		};
		7FD90D5C20167C6600FCBB6A /* Release */ = {
			isa = XCBuildConfiguration;
			buildSettings = {
				ALWAYS_SEARCH_USER_PATHS = NO;
				CLANG_ANALYZER_NONNULL = YES;
				CLANG_ANALYZER_NUMBER_OBJECT_CONVERSION = YES_AGGRESSIVE;
				CLANG_CXX_LANGUAGE_STANDARD = "gnu++14";
				CLANG_CXX_LIBRARY = "libc++";
				CLANG_ENABLE_MODULES = YES;
				CLANG_ENABLE_OBJC_ARC = YES;
				CLANG_WARN_BLOCK_CAPTURE_AUTORELEASING = YES;
				CLANG_WARN_BOOL_CONVERSION = YES;
				CLANG_WARN_COMMA = YES;
				CLANG_WARN_CONSTANT_CONVERSION = YES;
				CLANG_WARN_DIRECT_OBJC_ISA_USAGE = YES_ERROR;
				CLANG_WARN_DOCUMENTATION_COMMENTS = YES;
				CLANG_WARN_EMPTY_BODY = YES;
				CLANG_WARN_ENUM_CONVERSION = YES;
				CLANG_WARN_INFINITE_RECURSION = YES;
				CLANG_WARN_INT_CONVERSION = YES;
				CLANG_WARN_NON_LITERAL_NULL_CONVERSION = YES;
				CLANG_WARN_OBJC_LITERAL_CONVERSION = YES;
				CLANG_WARN_OBJC_ROOT_CLASS = YES_ERROR;
				CLANG_WARN_RANGE_LOOP_ANALYSIS = YES;
				CLANG_WARN_STRICT_PROTOTYPES = YES;
				CLANG_WARN_SUSPICIOUS_MOVE = YES;
				CLANG_WARN_UNGUARDED_AVAILABILITY = YES_AGGRESSIVE;
				CLANG_WARN_UNREACHABLE_CODE = YES;
				CLANG_WARN__DUPLICATE_METHOD_MATCH = YES;
				CODE_SIGN_IDENTITY = "iPhone Developer";
				COPY_PHASE_STRIP = NO;
				DEBUG_INFORMATION_FORMAT = "dwarf-with-dsym";
				ENABLE_NS_ASSERTIONS = NO;
				ENABLE_STRICT_OBJC_MSGSEND = YES;
				GCC_C_LANGUAGE_STANDARD = gnu11;
				GCC_NO_COMMON_BLOCKS = YES;
				GCC_WARN_64_TO_32_BIT_CONVERSION = YES;
				GCC_WARN_ABOUT_RETURN_TYPE = YES_ERROR;
				GCC_WARN_UNDECLARED_SELECTOR = YES;
				GCC_WARN_UNINITIALIZED_AUTOS = YES_AGGRESSIVE;
				GCC_WARN_UNUSED_FUNCTION = YES;
				GCC_WARN_UNUSED_VARIABLE = YES;
				IPHONEOS_DEPLOYMENT_TARGET = 11.2;
				MTL_ENABLE_DEBUG_INFO = NO;
				SDKROOT = iphoneos;
				SWIFT_OPTIMIZATION_LEVEL = "-Owholemodule";
				VALIDATE_PRODUCT = YES;
			};
			name = Release;
		};
		7FD90D5E20167C6600FCBB6A /* Debug */ = {
			isa = XCBuildConfiguration;
			buildSettings = {
				ASSETCATALOG_COMPILER_APPICON_NAME = AppIcon;
				CODE_SIGN_STYLE = Automatic;
				INFOPLIST_FILE = Hackwich2/Info.plist;
				LD_RUNPATH_SEARCH_PATHS = "$(inherited) @executable_path/Frameworks";
				PRODUCT_BUNDLE_IDENTIFIER = UHWO.Hackwich2;
				PRODUCT_NAME = "$(TARGET_NAME)";
				SWIFT_VERSION = 4.0;
				TARGETED_DEVICE_FAMILY = "1,2";
			};
			name = Debug;
		};
		7FD90D5F20167C6600FCBB6A /* Release */ = {
			isa = XCBuildConfiguration;
			buildSettings = {
				ASSETCATALOG_COMPILER_APPICON_NAME = AppIcon;
				CODE_SIGN_STYLE = Automatic;
				INFOPLIST_FILE = Hackwich2/Info.plist;
				LD_RUNPATH_SEARCH_PATHS = "$(inherited) @executable_path/Frameworks";
				PRODUCT_BUNDLE_IDENTIFIER = UHWO.Hackwich2;
				PRODUCT_NAME = "$(TARGET_NAME)";
				SWIFT_VERSION = 4.0;
				TARGETED_DEVICE_FAMILY = "1,2";
			};
			name = Release;
		};
		7FD90D6120167C6600FCBB6A /* Debug */ = {
			isa = XCBuildConfiguration;
			buildSettings = {
				ALWAYS_EMBED_SWIFT_STANDARD_LIBRARIES = YES;
				BUNDLE_LOADER = "$(TEST_HOST)";
				CODE_SIGN_STYLE = Automatic;
				INFOPLIST_FILE = Hackwich2Tests/Info.plist;
				LD_RUNPATH_SEARCH_PATHS = "$(inherited) @executable_path/Frameworks @loader_path/Frameworks";
				PRODUCT_BUNDLE_IDENTIFIER = UHWO.Hackwich2Tests;
				PRODUCT_NAME = "$(TARGET_NAME)";
				SWIFT_VERSION = 4.0;
				TARGETED_DEVICE_FAMILY = "1,2";
				TEST_HOST = "$(BUILT_PRODUCTS_DIR)/Hackwich2.app/Hackwich2";
			};
			name = Debug;
		};
		7FD90D6220167C6600FCBB6A /* Release */ = {
			isa = XCBuildConfiguration;
			buildSettings = {
				ALWAYS_EMBED_SWIFT_STANDARD_LIBRARIES = YES;
				BUNDLE_LOADER = "$(TEST_HOST)";
				CODE_SIGN_STYLE = Automatic;
				INFOPLIST_FILE = Hackwich2Tests/Info.plist;
				LD_RUNPATH_SEARCH_PATHS = "$(inherited) @executable_path/Frameworks @loader_path/Frameworks";
				PRODUCT_BUNDLE_IDENTIFIER = UHWO.Hackwich2Tests;
				PRODUCT_NAME = "$(TARGET_NAME)";
				SWIFT_VERSION = 4.0;
				TARGETED_DEVICE_FAMILY = "1,2";
				TEST_HOST = "$(BUILT_PRODUCTS_DIR)/Hackwich2.app/Hackwich2";
			};
			name = Release;
		};
		7FD90D6420167C6600FCBB6A /* Debug */ = {
			isa = XCBuildConfiguration;
			buildSettings = {
				ALWAYS_EMBED_SWIFT_STANDARD_LIBRARIES = YES;
				CODE_SIGN_STYLE = Automatic;
				INFOPLIST_FILE = Hackwich2UITests/Info.plist;
				LD_RUNPATH_SEARCH_PATHS = "$(inherited) @executable_path/Frameworks @loader_path/Frameworks";
				PRODUCT_BUNDLE_IDENTIFIER = UHWO.Hackwich2UITests;
				PRODUCT_NAME = "$(TARGET_NAME)";
				SWIFT_VERSION = 4.0;
				TARGETED_DEVICE_FAMILY = "1,2";
				TEST_TARGET_NAME = Hackwich2;
			};
			name = Debug;
		};
		7FD90D6520167C6600FCBB6A /* Release */ = {
			isa = XCBuildConfiguration;
			buildSettings = {
				ALWAYS_EMBED_SWIFT_STANDARD_LIBRARIES = YES;
				CODE_SIGN_STYLE = Automatic;
				INFOPLIST_FILE = Hackwich2UITests/Info.plist;
				LD_RUNPATH_SEARCH_PATHS = "$(inherited) @executable_path/Frameworks @loader_path/Frameworks";
				PRODUCT_BUNDLE_IDENTIFIER = UHWO.Hackwich2UITests;
				PRODUCT_NAME = "$(TARGET_NAME)";
				SWIFT_VERSION = 4.0;
				TARGETED_DEVICE_FAMILY = "1,2";
				TEST_TARGET_NAME = Hackwich2;
			};
			name = Release;
		};
/* End XCBuildConfiguration section */

/* Begin XCConfigurationList section */
		7FD90D3020167C6600FCBB6A /* Build configuration list for PBXProject "Hackwich2" */ = {
			isa = XCConfigurationList;
			buildConfigurations = (
				7FD90D5B20167C6600FCBB6A /* Debug */,
				7FD90D5C20167C6600FCBB6A /* Release */,
			);
			defaultConfigurationIsVisible = 0;
			defaultConfigurationName = Release;
		};
		7FD90D5D20167C6600FCBB6A /* Build configuration list for PBXNativeTarget "Hackwich2" */ = {
			isa = XCConfigurationList;
			buildConfigurations = (
				7FD90D5E20167C6600FCBB6A /* Debug */,
				7FD90D5F20167C6600FCBB6A /* Release */,
			);
			defaultConfigurationIsVisible = 0;
			defaultConfigurationName = Release;
		};
		7FD90D6020167C6600FCBB6A /* Build configuration list for PBXNativeTarget "Hackwich2Tests" */ = {
			isa = XCConfigurationList;
			buildConfigurations = (
				7FD90D6120167C6600FCBB6A /* Debug */,
				7FD90D6220167C6600FCBB6A /* Release */,
			);
			defaultConfigurationIsVisible = 0;
			defaultConfigurationName = Release;
		};
		7FD90D6320167C6600FCBB6A /* Build configuration list for PBXNativeTarget "Hackwich2UITests" */ = {
			isa = XCConfigurationList;
			buildConfigurations = (
				7FD90D6420167C6600FCBB6A /* Debug */,
				7FD90D6520167C6600FCBB6A /* Release */,
			);
			defaultConfigurationIsVisible = 0;
			defaultConfigurationName = Release;
		};
/* End XCConfigurationList section */
	};
	rootObject = 7FD90D2D20167C6600FCBB6A /* Project object */;
}
